// !$*UTF8*$!
{
	archiveVersion = 1;
	classes = {
	};
	objectVersion = 48;
	objects = {

/* Begin PBXBuildFile section */
		4E72D973206D80BF00BC6A70 /* AppDelegate.m in Sources */ = {isa = PBXBuildFile; fileRef = 4E72D972206D80BF00BC6A70 /* AppDelegate.m */; };
		4E72D97B206D80BF00BC6A70 /* Assets.xcassets in Resources */ = {isa = PBXBuildFile; fileRef = 4E72D97A206D80BF00BC6A70 /* Assets.xcassets */; };
		4E72D97E206D80BF00BC6A70 /* LaunchScreen.storyboard in Resources */ = {isa = PBXBuildFile; fileRef = 4E72D97C206D80BF00BC6A70 /* LaunchScreen.storyboard */; };
		4E72D981206D80BF00BC6A70 /* main.m in Sources */ = {isa = PBXBuildFile; fileRef = 4E72D980206D80BF00BC6A70 /* main.m */; };
		4E72D98A206D80EE00BC6A70 /* Article.m in Sources */ = {isa = PBXBuildFile; fileRef = 4E72D989206D80EE00BC6A70 /* Article.m */; };
		4E72D98D206D84D000BC6A70 /* XMLParseManager.m in Sources */ = {isa = PBXBuildFile; fileRef = 4E72D98C206D84D000BC6A70 /* XMLParseManager.m */; };
		4E72D993206DA46800BC6A70 /* FeedViewController.m in Sources */ = {isa = PBXBuildFile; fileRef = 4E72D992206DA46800BC6A70 /* FeedViewController.m */; };
		C115EB12206DFDA400D5E44E /* ArticleCell.m in Sources */ = {isa = PBXBuildFile; fileRef = C115EB11206DFDA400D5E44E /* ArticleCell.m */; };
		C115EB152071A45000D5E44E /* FirstArticleCell.m in Sources */ = {isa = PBXBuildFile; fileRef = C115EB142071A45000D5E44E /* FirstArticleCell.m */; };
		C129201A2071E01600C432F2 /* ImageDownloader.m in Sources */ = {isa = PBXBuildFile; fileRef = C12920192071E01600C432F2 /* ImageDownloader.m */; };
		C1292020207204B600C432F2 /* ImageViewWithSpinner.m in Sources */ = {isa = PBXBuildFile; fileRef = C129201F207204B600C432F2 /* ImageViewWithSpinner.m */; };
		C1292023207207C600C432F2 /* ImageViewWithSpinner+WebImage.m in Sources */ = {isa = PBXBuildFile; fileRef = C1292022207207C600C432F2 /* ImageViewWithSpinner+WebImage.m */; };
		C12920262072126400C432F2 /* ArticleWebViewController.m in Sources */ = {isa = PBXBuildFile; fileRef = C12920252072126400C432F2 /* ArticleWebViewController.m */; };
/* End PBXBuildFile section */

/* Begin PBXFileReference section */
		4E72D96E206D80BF00BC6A70 /* Feed.app */ = {isa = PBXFileReference; explicitFileType = wrapper.application; includeInIndex = 0; path = Feed.app; sourceTree = BUILT_PRODUCTS_DIR; };
		4E72D971206D80BF00BC6A70 /* AppDelegate.h */ = {isa = PBXFileReference; lastKnownFileType = sourcecode.c.h; path = AppDelegate.h; sourceTree = "<group>"; };
		4E72D972206D80BF00BC6A70 /* AppDelegate.m */ = {isa = PBXFileReference; lastKnownFileType = sourcecode.c.objc; path = AppDelegate.m; sourceTree = "<group>"; };
		4E72D97A206D80BF00BC6A70 /* Assets.xcassets */ = {isa = PBXFileReference; lastKnownFileType = folder.assetcatalog; path = Assets.xcassets; sourceTree = "<group>"; };
		4E72D97D206D80BF00BC6A70 /* Base */ = {isa = PBXFileReference; lastKnownFileType = file.storyboard; name = Base; path = Base.lproj/LaunchScreen.storyboard; sourceTree = "<group>"; };
		4E72D97F206D80BF00BC6A70 /* Info.plist */ = {isa = PBXFileReference; lastKnownFileType = text.plist.xml; path = Info.plist; sourceTree = "<group>"; };
		4E72D980206D80BF00BC6A70 /* main.m */ = {isa = PBXFileReference; lastKnownFileType = sourcecode.c.objc; path = main.m; sourceTree = "<group>"; };
		4E72D988206D80EE00BC6A70 /* Article.h */ = {isa = PBXFileReference; lastKnownFileType = sourcecode.c.h; path = Article.h; sourceTree = "<group>"; };
		4E72D989206D80EE00BC6A70 /* Article.m */ = {isa = PBXFileReference; lastKnownFileType = sourcecode.c.objc; path = Article.m; sourceTree = "<group>"; };
		4E72D98B206D84D000BC6A70 /* XMLParseManager.h */ = {isa = PBXFileReference; lastKnownFileType = sourcecode.c.h; path = XMLParseManager.h; sourceTree = "<group>"; };
		4E72D98C206D84D000BC6A70 /* XMLParseManager.m */ = {isa = PBXFileReference; lastKnownFileType = sourcecode.c.objc; path = XMLParseManager.m; sourceTree = "<group>"; };
		4E72D991206DA46800BC6A70 /* FeedViewController.h */ = {isa = PBXFileReference; lastKnownFileType = sourcecode.c.h; path = FeedViewController.h; sourceTree = "<group>"; };
		4E72D992206DA46800BC6A70 /* FeedViewController.m */ = {isa = PBXFileReference; lastKnownFileType = sourcecode.c.objc; path = FeedViewController.m; sourceTree = "<group>"; };
		C115EB10206DFDA400D5E44E /* ArticleCell.h */ = {isa = PBXFileReference; lastKnownFileType = sourcecode.c.h; path = ArticleCell.h; sourceTree = "<group>"; };
		C115EB11206DFDA400D5E44E /* ArticleCell.m */ = {isa = PBXFileReference; lastKnownFileType = sourcecode.c.objc; path = ArticleCell.m; sourceTree = "<group>"; };
		C115EB132071A45000D5E44E /* FirstArticleCell.h */ = {isa = PBXFileReference; lastKnownFileType = sourcecode.c.h; path = FirstArticleCell.h; sourceTree = "<group>"; };
		C115EB142071A45000D5E44E /* FirstArticleCell.m */ = {isa = PBXFileReference; lastKnownFileType = sourcecode.c.objc; path = FirstArticleCell.m; sourceTree = "<group>"; };
		C12920182071E01600C432F2 /* ImageDownloader.h */ = {isa = PBXFileReference; lastKnownFileType = sourcecode.c.h; path = ImageDownloader.h; sourceTree = "<group>"; };
		C12920192071E01600C432F2 /* ImageDownloader.m */ = {isa = PBXFileReference; lastKnownFileType = sourcecode.c.objc; path = ImageDownloader.m; sourceTree = "<group>"; };
		C129201E207204B600C432F2 /* ImageViewWithSpinner.h */ = {isa = PBXFileReference; lastKnownFileType = sourcecode.c.h; path = ImageViewWithSpinner.h; sourceTree = "<group>"; };
		C129201F207204B600C432F2 /* ImageViewWithSpinner.m */ = {isa = PBXFileReference; lastKnownFileType = sourcecode.c.objc; path = ImageViewWithSpinner.m; sourceTree = "<group>"; };
		C1292021207207C600C432F2 /* ImageViewWithSpinner+WebImage.h */ = {isa = PBXFileReference; lastKnownFileType = sourcecode.c.h; path = "ImageViewWithSpinner+WebImage.h"; sourceTree = "<group>"; };
		C1292022207207C600C432F2 /* ImageViewWithSpinner+WebImage.m */ = {isa = PBXFileReference; lastKnownFileType = sourcecode.c.objc; path = "ImageViewWithSpinner+WebImage.m"; sourceTree = "<group>"; };
		C12920242072126400C432F2 /* ArticleWebViewController.h */ = {isa = PBXFileReference; lastKnownFileType = sourcecode.c.h; path = ArticleWebViewController.h; sourceTree = "<group>"; };
		C12920252072126400C432F2 /* ArticleWebViewController.m */ = {isa = PBXFileReference; lastKnownFileType = sourcecode.c.objc; path = ArticleWebViewController.m; sourceTree = "<group>"; };
/* End PBXFileReference section */

/* Begin PBXFrameworksBuildPhase section */
		4E72D96B206D80BF00BC6A70 /* Frameworks */ = {
			isa = PBXFrameworksBuildPhase;
			buildActionMask = 2147483647;
			files = (
			);
			runOnlyForDeploymentPostprocessing = 0;
		};
/* End PBXFrameworksBuildPhase section */

/* Begin PBXGroup section */
		4E0430D520729BF8001F0DDC /* Controller */ = {
			isa = PBXGroup;
			children = (
				4E72D991206DA46800BC6A70 /* FeedViewController.h */,
				4E72D992206DA46800BC6A70 /* FeedViewController.m */,
				C12920242072126400C432F2 /* ArticleWebViewController.h */,
				C12920252072126400C432F2 /* ArticleWebViewController.m */,
			);
			path = Controller;
			sourceTree = "<group>";
		};
		4E72D965206D80BF00BC6A70 = {
			isa = PBXGroup;
			children = (
				4E72D970206D80BF00BC6A70 /* Feed */,
				4E72D96F206D80BF00BC6A70 /* Products */,
			);
			sourceTree = "<group>";
		};
		4E72D96F206D80BF00BC6A70 /* Products */ = {
			isa = PBXGroup;
			children = (
				4E72D96E206D80BF00BC6A70 /* Feed.app */,
			);
			name = Products;
			sourceTree = "<group>";
		};
		4E72D970206D80BF00BC6A70 /* Feed */ = {
			isa = PBXGroup;
			children = (
				C115EB0F206DFD3400D5E44E /* View */,
				4E72D987206D80CC00BC6A70 /* Model */,
				4E0430D520729BF8001F0DDC /* Controller */,
				4E72D971206D80BF00BC6A70 /* AppDelegate.h */,
				4E72D972206D80BF00BC6A70 /* AppDelegate.m */,
				4E72D97A206D80BF00BC6A70 /* Assets.xcassets */,
				4E72D97C206D80BF00BC6A70 /* LaunchScreen.storyboard */,
				4E72D97F206D80BF00BC6A70 /* Info.plist */,
				4E72D980206D80BF00BC6A70 /* main.m */,
				4E72D98B206D84D000BC6A70 /* XMLParseManager.h */,
				4E72D98C206D84D000BC6A70 /* XMLParseManager.m */,
				C12920182071E01600C432F2 /* ImageDownloader.h */,
				C12920192071E01600C432F2 /* ImageDownloader.m */,
				C1292021207207C600C432F2 /* ImageViewWithSpinner+WebImage.h */,
				C1292022207207C600C432F2 /* ImageViewWithSpinner+WebImage.m */,
			);
			path = Feed;
			sourceTree = "<group>";
		};
		4E72D987206D80CC00BC6A70 /* Model */ = {
			isa = PBXGroup;
			children = (
				4E72D988206D80EE00BC6A70 /* Article.h */,
				4E72D989206D80EE00BC6A70 /* Article.m */,
			);
			path = Model;
			sourceTree = "<group>";
		};
		C115EB0F206DFD3400D5E44E /* View */ = {
			isa = PBXGroup;
			children = (
				C115EB10206DFDA400D5E44E /* ArticleCell.h */,
				C115EB11206DFDA400D5E44E /* ArticleCell.m */,
				C115EB132071A45000D5E44E /* FirstArticleCell.h */,
				C115EB142071A45000D5E44E /* FirstArticleCell.m */,
				C129201E207204B600C432F2 /* ImageViewWithSpinner.h */,
				C129201F207204B600C432F2 /* ImageViewWithSpinner.m */,
			);
			path = View;
			sourceTree = "<group>";
		};
/* End PBXGroup section */

/* Begin PBXNativeTarget section */
		4E72D96D206D80BF00BC6A70 /* Feed */ = {
			isa = PBXNativeTarget;
			buildConfigurationList = 4E72D984206D80BF00BC6A70 /* Build configuration list for PBXNativeTarget "Feed" */;
			buildPhases = (
				4E72D96A206D80BF00BC6A70 /* Sources */,
				4E72D96B206D80BF00BC6A70 /* Frameworks */,
				4E72D96C206D80BF00BC6A70 /* Resources */,
			);
			buildRules = (
			);
			dependencies = (
			);
			name = Feed;
			productName = Feed;
			productReference = 4E72D96E206D80BF00BC6A70 /* Feed.app */;
			productType = "com.apple.product-type.application";
		};
/* End PBXNativeTarget section */

/* Begin PBXProject section */
		4E72D966206D80BF00BC6A70 /* Project object */ = {
			isa = PBXProject;
			attributes = {
				LastUpgradeCheck = 0920;
				ORGANIZATIONNAME = "Shawn Yin";
				TargetAttributes = {
					4E72D96D206D80BF00BC6A70 = {
						CreatedOnToolsVersion = 9.2;
						ProvisioningStyle = Automatic;
					};
				};
			};
			buildConfigurationList = 4E72D969206D80BF00BC6A70 /* Build configuration list for PBXProject "Feed" */;
			compatibilityVersion = "Xcode 8.0";
			developmentRegion = en;
			hasScannedForEncodings = 0;
			knownRegions = (
				en,
				Base,
			);
			mainGroup = 4E72D965206D80BF00BC6A70;
			productRefGroup = 4E72D96F206D80BF00BC6A70 /* Products */;
			projectDirPath = "";
			projectRoot = "";
			targets = (
				4E72D96D206D80BF00BC6A70 /* Feed */,
			);
		};
/* End PBXProject section */

/* Begin PBXResourcesBuildPhase section */
		4E72D96C206D80BF00BC6A70 /* Resources */ = {
			isa = PBXResourcesBuildPhase;
			buildActionMask = 2147483647;
			files = (
				4E72D97E206D80BF00BC6A70 /* LaunchScreen.storyboard in Resources */,
				4E72D97B206D80BF00BC6A70 /* Assets.xcassets in Resources */,
			);
			runOnlyForDeploymentPostprocessing = 0;
		};
/* End PBXResourcesBuildPhase section */

/* Begin PBXSourcesBuildPhase section */
		4E72D96A206D80BF00BC6A70 /* Sources */ = {
			isa = PBXSourcesBuildPhase;
			buildActionMask = 2147483647;
			files = (
				4E72D98A206D80EE00BC6A70 /* Article.m in Sources */,
				4E72D981206D80BF00BC6A70 /* main.m in Sources */,
				C115EB152071A45000D5E44E /* FirstArticleCell.m in Sources */,
				C115EB12206DFDA400D5E44E /* ArticleCell.m in Sources */,
				4E72D973206D80BF00BC6A70 /* AppDelegate.m in Sources */,
				4E72D993206DA46800BC6A70 /* FeedViewController.m in Sources */,
				C1292023207207C600C432F2 /* ImageViewWithSpinner+WebImage.m in Sources */,
				C129201A2071E01600C432F2 /* ImageDownloader.m in Sources */,
				C1292020207204B600C432F2 /* ImageViewWithSpinner.m in Sources */,
				C12920262072126400C432F2 /* ArticleWebViewController.m in Sources */,
				4E72D98D206D84D000BC6A70 /* XMLParseManager.m in Sources */,
			);
			runOnlyForDeploymentPostprocessing = 0;
		};
/* End PBXSourcesBuildPhase section */

/* Begin PBXVariantGroup section */
		4E72D97C206D80BF00BC6A70 /* LaunchScreen.storyboard */ = {
			isa = PBXVariantGroup;
			children = (
				4E72D97D206D80BF00BC6A70 /* Base */,
			);
			name = LaunchScreen.storyboard;
			sourceTree = "<group>";
		};
/* End PBXVariantGroup section */

/* Begin XCBuildConfiguration section */
		4E72D982206D80BF00BC6A70 /* Debug */ = {
			isa = XCBuildConfiguration;
			buildSettings = {
				ALWAYS_SEARCH_USER_PATHS = NO;
				CLANG_ANALYZER_NONNULL = YES;
				CLANG_ANALYZER_NUMBER_OBJECT_CONVERSION = YES_AGGRESSIVE;
				CLANG_CXX_LANGUAGE_STANDARD = "gnu++14";
				CLANG_CXX_LIBRARY = "libc++";
				CLANG_ENABLE_MODULES = YES;
				CLANG_ENABLE_OBJC_ARC = YES;
				CLANG_WARN_BLOCK_CAPTURE_AUTORELEASING = YES;
				CLANG_WARN_BOOL_CONVERSION = YES;
				CLANG_WARN_COMMA = YES;
				CLANG_WARN_CONSTANT_CONVERSION = YES;
				CLANG_WARN_DIRECT_OBJC_ISA_USAGE = YES_ERROR;
				CLANG_WARN_DOCUMENTATION_COMMENTS = YES;
				CLANG_WARN_EMPTY_BODY = YES;
				CLANG_WARN_ENUM_CONVERSION = YES;
				CLANG_WARN_INFINITE_RECURSION = YES;
				CLANG_WARN_INT_CONVERSION = YES;
				CLANG_WARN_NON_LITERAL_NULL_CONVERSION = YES;
				CLANG_WARN_OBJC_LITERAL_CONVERSION = YES;
				CLANG_WARN_OBJC_ROOT_CLASS = YES_ERROR;
				CLANG_WARN_RANGE_LOOP_ANALYSIS = YES;
				CLANG_WARN_STRICT_PROTOTYPES = YES;
				CLANG_WARN_SUSPICIOUS_MOVE = YES;
				CLANG_WARN_UNGUARDED_AVAILABILITY = YES_AGGRESSIVE;
				CLANG_WARN_UNREACHABLE_CODE = YES;
				CLANG_WARN__DUPLICATE_METHOD_MATCH = YES;
				CODE_SIGN_IDENTITY = "iPhone Developer";
				COPY_PHASE_STRIP = NO;
				DEBUG_INFORMATION_FORMAT = dwarf;
				ENABLE_STRICT_OBJC_MSGSEND = YES;
				ENABLE_TESTABILITY = YES;
				GCC_C_LANGUAGE_STANDARD = gnu11;
				GCC_DYNAMIC_NO_PIC = NO;
				GCC_NO_COMMON_BLOCKS = YES;
				GCC_OPTIMIZATION_LEVEL = 0;
				GCC_PREPROCESSOR_DEFINITIONS = (
					"DEBUG=1",
					"$(inherited)",
				);
				GCC_WARN_64_TO_32_BIT_CONVERSION = YES;
				GCC_WARN_ABOUT_RETURN_TYPE = YES_ERROR;
				GCC_WARN_UNDECLARED_SELECTOR = YES;
				GCC_WARN_UNINITIALIZED_AUTOS = YES_AGGRESSIVE;
				GCC_WARN_UNUSED_FUNCTION = YES;
				GCC_WARN_UNUSED_VARIABLE = YES;
				IPHONEOS_DEPLOYMENT_TARGET = 11.2;
				MTL_ENABLE_DEBUG_INFO = YES;
				ONLY_ACTIVE_ARCH = YES;
				SDKROOT = iphoneos;
			};
			name = Debug;
		};
		4E72D983206D80BF00BC6A70 /* Release */ = {
			isa = XCBuildConfiguration;
			buildSettings = {
				ALWAYS_SEARCH_USER_PATHS = NO;
				CLANG_ANALYZER_NONNULL = YES;
				CLANG_ANALYZER_NUMBER_OBJECT_CONVERSION = YES_AGGRESSIVE;
				CLANG_CXX_LANGUAGE_STANDARD = "gnu++14";
				CLANG_CXX_LIBRARY = "libc++";
				CLANG_ENABLE_MODULES = YES;
				CLANG_ENABLE_OBJC_ARC = YES;
				CLANG_WARN_BLOCK_CAPTURE_AUTORELEASING = YES;
				CLANG_WARN_BOOL_CONVERSION = YES;
				CLANG_WARN_COMMA = YES;
				CLANG_WARN_CONSTANT_CONVERSION = YES;
				CLANG_WARN_DIRECT_OBJC_ISA_USAGE = YES_ERROR;
				CLANG_WARN_DOCUMENTATION_COMMENTS = YES;
				CLANG_WARN_EMPTY_BODY = YES;
				CLANG_WARN_ENUM_CONVERSION = YES;
				CLANG_WARN_INFINITE_RECURSION = YES;
				CLANG_WARN_INT_CONVERSION = YES;
				CLANG_WARN_NON_LITERAL_NULL_CONVERSION = YES;
				CLANG_WARN_OBJC_LITERAL_CONVERSION = YES;
				CLANG_WARN_OBJC_ROOT_CLASS = YES_ERROR;
				CLANG_WARN_RANGE_LOOP_ANALYSIS = YES;
				CLANG_WARN_STRICT_PROTOTYPES = YES;
				CLANG_WARN_SUSPICIOUS_MOVE = YES;
				CLANG_WARN_UNGUARDED_AVAILABILITY = YES_AGGRESSIVE;
				CLANG_WARN_UNREACHABLE_CODE = YES;
				CLANG_WARN__DUPLICATE_METHOD_MATCH = YES;
				CODE_SIGN_IDENTITY = "iPhone Developer";
				COPY_PHASE_STRIP = NO;
				DEBUG_INFORMATION_FORMAT = "dwarf-with-dsym";
				ENABLE_NS_ASSERTIONS = NO;
				ENABLE_STRICT_OBJC_MSGSEND = YES;
				GCC_C_LANGUAGE_STANDARD = gnu11;
				GCC_NO_COMMON_BLOCKS = YES;
				GCC_WARN_64_TO_32_BIT_CONVERSION = YES;
				GCC_WARN_ABOUT_RETURN_TYPE = YES_ERROR;
				GCC_WARN_UNDECLARED_SELECTOR = YES;
				GCC_WARN_UNINITIALIZED_AUTOS = YES_AGGRESSIVE;
				GCC_WARN_UNUSED_FUNCTION = YES;
				GCC_WARN_UNUSED_VARIABLE = YES;
				IPHONEOS_DEPLOYMENT_TARGET = 11.2;
				MTL_ENABLE_DEBUG_INFO = NO;
				SDKROOT = iphoneos;
				VALIDATE_PRODUCT = YES;
			};
			name = Release;
		};
		4E72D985206D80BF00BC6A70 /* Debug */ = {
			isa = XCBuildConfiguration;
			buildSettings = {
				ASSETCATALOG_COMPILER_APPICON_NAME = AppIcon;
				CODE_SIGN_STYLE = Automatic;
				DEVELOPMENT_TEAM = "";
				INFOPLIST_FILE = Feed/Info.plist;
				LD_RUNPATH_SEARCH_PATHS = "$(inherited) @executable_path/Frameworks";
				PRODUCT_BUNDLE_IDENTIFIER = com.xuanyin.Feed;
				PRODUCT_NAME = "$(TARGET_NAME)";
				TARGETED_DEVICE_FAMILY = "1,2";
			};
			name = Debug;
		};
		4E72D986206D80BF00BC6A70 /* Release */ = {
			isa = XCBuildConfiguration;
			buildSettings = {
				ASSETCATALOG_COMPILER_APPICON_NAME = AppIcon;
				CODE_SIGN_STYLE = Automatic;
				DEVELOPMENT_TEAM = "";
				INFOPLIST_FILE = Feed/Info.plist;
				LD_RUNPATH_SEARCH_PATHS = "$(inherited) @executable_path/Frameworks";
				PRODUCT_BUNDLE_IDENTIFIER = com.xuanyin.Feed;
				PRODUCT_NAME = "$(TARGET_NAME)";
				TARGETED_DEVICE_FAMILY = "1,2";
			};
			name = Release;
		};
/* End XCBuildConfiguration section */

/* Begin XCConfigurationList section */
		4E72D969206D80BF00BC6A70 /* Build configuration list for PBXProject "Feed" */ = {
			isa = XCConfigurationList;
			buildConfigurations = (
				4E72D982206D80BF00BC6A70 /* Debug */,
				4E72D983206D80BF00BC6A70 /* Release */,
			);
			defaultConfigurationIsVisible = 0;
			defaultConfigurationName = Release;
		};
		4E72D984206D80BF00BC6A70 /* Build configuration list for PBXNativeTarget "Feed" */ = {
			isa = XCConfigurationList;
			buildConfigurations = (
				4E72D985206D80BF00BC6A70 /* Debug */,
				4E72D986206D80BF00BC6A70 /* Release */,
			);
			defaultConfigurationIsVisible = 0;
			defaultConfigurationName = Release;
		};
/* End XCConfigurationList section */
	};
	rootObject = 4E72D966206D80BF00BC6A70 /* Project object */;
}
